# This file is generated by running "yarn install" inside your project.
# Manual changes might be lost - proceed with caution!

__metadata:
  version: 6

"telegram-upload-serverless@workspace:.":
  version: 0.0.0-use.local
  resolution: "telegram-upload-serverless@workspace:."
  languageName: unknown
  linkType: soft
